Microsoft Visual Studio Solution File, Format Version 12.00
# Visual Studio Version 17
VisualStudioVersion = 17.13.35919.96
MinimumVisualStudioVersion = 10.0.40219.1
Project("{FAE04EC0-301F-11D3-BF4B-00C04F79EFBC}") = "DeliveryWithCash", "DeliveryWithCash.csproj", "{DACEAEB5-DA73-43CE-98F6-D8C81CF2D619}"
EndProject
Global
	GlobalSection(SolutionConfigurationPlatforms) = preSolution
		Debug|Any CPU = Debug|Any CPU
		Release|Any CPU = Release|Any CPU
	EndGlobalSection
	GlobalSection(ProjectConfigurationPlatforms) = postSolution
		{DACEAEB5-DA73-43CE-98F6-D8C81CF2D619}.Debug|Any CPU.ActiveCfg = Debug|Any CPU
		{DACEAEB5-DA73-43CE-98F6-D8C81CF2D619}.Debug|Any CPU.Build.0 = Debug|Any CPU
		{DACEAEB5-DA73-43CE-98F6-D8C81CF2D619}.Release|Any CPU.ActiveCfg = Release|Any CPU
		{DACEAEB5-DA73-43CE-98F6-D8C81CF2D619}.Release|Any CPU.Build.0 = Release|Any CPU
	EndGlobalSection
	GlobalSection(SolutionProperties) = preSolution
		HideSolutionNode = FALSE
	EndGlobalSection
	GlobalSection(ExtensibilityGlobals) = postSolution
		SolutionGuid = {F59D8176-E260-49A6-A034-6CDE8EDE394B}
	EndGlobalSection
EndGlobal
